// !$*UTF8*$!
{
	archiveVersion = 1;
	classes = {
	};
	objectVersion = 46;
	objects = {

/* Begin PBXBuildFile section */
		408868CD19733E7E00D6F2CC /* AppDelegate.swift in Sources */ = {isa = PBXBuildFile; fileRef = 408868CC19733E7E00D6F2CC /* AppDelegate.swift */; };
		408868CF19733E7E00D6F2CC /* ViewController.swift in Sources */ = {isa = PBXBuildFile; fileRef = 408868CE19733E7E00D6F2CC /* ViewController.swift */; };
		408868D219733E7E00D6F2CC /* Main.storyboard in Resources */ = {isa = PBXBuildFile; fileRef = 408868D019733E7E00D6F2CC /* Main.storyboard */; };
		408868D419733E7E00D6F2CC /* Images.xcassets in Resources */ = {isa = PBXBuildFile; fileRef = 408868D319733E7E00D6F2CC /* Images.xcassets */; };
		408868E019733E7E00D6F2CC /* ActorWeatherTests.swift in Sources */ = {isa = PBXBuildFile; fileRef = 408868DF19733E7E00D6F2CC /* ActorWeatherTests.swift */; };
/* End PBXBuildFile section */

/* Begin PBXContainerItemProxy section */
		408868DA19733E7E00D6F2CC /* PBXContainerItemProxy */ = {
			isa = PBXContainerItemProxy;
			containerPortal = 408868BF19733E7E00D6F2CC /* Project object */;
			proxyType = 1;
			remoteGlobalIDString = 408868C619733E7E00D6F2CC;
			remoteInfo = ActorWeather;
		};
/* End PBXContainerItemProxy section */

/* Begin PBXFileReference section */
		408868C719733E7E00D6F2CC /* ActorWeather.app */ = {isa = PBXFileReference; explicitFileType = wrapper.application; includeInIndex = 0; path = ActorWeather.app; sourceTree = BUILT_PRODUCTS_DIR; };
		408868CB19733E7E00D6F2CC /* Info.plist */ = {isa = PBXFileReference; lastKnownFileType = text.plist.xml; path = Info.plist; sourceTree = "<group>"; };
		408868CC19733E7E00D6F2CC /* AppDelegate.swift */ = {isa = PBXFileReference; lastKnownFileType = sourcecode.swift; path = AppDelegate.swift; sourceTree = "<group>"; };
		408868CE19733E7E00D6F2CC /* ViewController.swift */ = {isa = PBXFileReference; lastKnownFileType = sourcecode.swift; path = ViewController.swift; sourceTree = "<group>"; };
		408868D119733E7E00D6F2CC /* Base */ = {isa = PBXFileReference; lastKnownFileType = file.storyboard; name = Base; path = Base.lproj/Main.storyboard; sourceTree = "<group>"; };
		408868D319733E7E00D6F2CC /* Images.xcassets */ = {isa = PBXFileReference; lastKnownFileType = folder.assetcatalog; path = Images.xcassets; sourceTree = "<group>"; };
		408868D919733E7E00D6F2CC /* ActorWeatherTests.xctest */ = {isa = PBXFileReference; explicitFileType = wrapper.cfbundle; includeInIndex = 0; path = ActorWeatherTests.xctest; sourceTree = BUILT_PRODUCTS_DIR; };
		408868DE19733E7E00D6F2CC /* Info.plist */ = {isa = PBXFileReference; lastKnownFileType = text.plist.xml; path = Info.plist; sourceTree = "<group>"; };
		408868DF19733E7E00D6F2CC /* ActorWeatherTests.swift */ = {isa = PBXFileReference; lastKnownFileType = sourcecode.swift; path = ActorWeatherTests.swift; sourceTree = "<group>"; };
/* End PBXFileReference section */

/* Begin PBXFrameworksBuildPhase section */
		408868C419733E7E00D6F2CC /* Frameworks */ = {
			isa = PBXFrameworksBuildPhase;
			buildActionMask = 2147483647;
			files = (
			);
			runOnlyForDeploymentPostprocessing = 0;
		};
		408868D619733E7E00D6F2CC /* Frameworks */ = {
			isa = PBXFrameworksBuildPhase;
			buildActionMask = 2147483647;
			files = (
			);
			runOnlyForDeploymentPostprocessing = 0;
		};
/* End PBXFrameworksBuildPhase section */

/* Begin PBXGroup section */
		408868BE19733E7E00D6F2CC = {
			isa = PBXGroup;
			children = (
				408868C919733E7E00D6F2CC /* ActorWeather */,
				408868DC19733E7E00D6F2CC /* ActorWeatherTests */,
				408868C819733E7E00D6F2CC /* Products */,
			);
			sourceTree = "<group>";
		};
		408868C819733E7E00D6F2CC /* Products */ = {
			isa = PBXGroup;
			children = (
				408868C719733E7E00D6F2CC /* ActorWeather.app */,
				408868D919733E7E00D6F2CC /* ActorWeatherTests.xctest */,
			);
			name = Products;
			sourceTree = "<group>";
		};
		408868C919733E7E00D6F2CC /* ActorWeather */ = {
			isa = PBXGroup;
			children = (
				408868CC19733E7E00D6F2CC /* AppDelegate.swift */,
				408868CE19733E7E00D6F2CC /* ViewController.swift */,
				408868D019733E7E00D6F2CC /* Main.storyboard */,
				408868D319733E7E00D6F2CC /* Images.xcassets */,
				408868CA19733E7E00D6F2CC /* Supporting Files */,
			);
			path = ActorWeather;
			sourceTree = "<group>";
		};
		408868CA19733E7E00D6F2CC /* Supporting Files */ = {
			isa = PBXGroup;
			children = (
				408868CB19733E7E00D6F2CC /* Info.plist */,
			);
			name = "Supporting Files";
			sourceTree = "<group>";
		};
		408868DC19733E7E00D6F2CC /* ActorWeatherTests */ = {
			isa = PBXGroup;
			children = (
				408868DF19733E7E00D6F2CC /* ActorWeatherTests.swift */,
				408868DD19733E7E00D6F2CC /* Supporting Files */,
			);
			path = ActorWeatherTests;
			sourceTree = "<group>";
		};
		408868DD19733E7E00D6F2CC /* Supporting Files */ = {
			isa = PBXGroup;
			children = (
				408868DE19733E7E00D6F2CC /* Info.plist */,
			);
			name = "Supporting Files";
			sourceTree = "<group>";
		};
/* End PBXGroup section */

/* Begin PBXNativeTarget section */
		408868C619733E7E00D6F2CC /* ActorWeather */ = {
			isa = PBXNativeTarget;
			buildConfigurationList = 408868E319733E7E00D6F2CC /* Build configuration list for PBXNativeTarget "ActorWeather" */;
			buildPhases = (
				408868C319733E7E00D6F2CC /* Sources */,
				408868C419733E7E00D6F2CC /* Frameworks */,
				408868C519733E7E00D6F2CC /* Resources */,
			);
			buildRules = (
			);
			dependencies = (
			);
			name = ActorWeather;
			productName = ActorWeather;
			productReference = 408868C719733E7E00D6F2CC /* ActorWeather.app */;
			productType = "com.apple.product-type.application";
		};
		408868D819733E7E00D6F2CC /* ActorWeatherTests */ = {
			isa = PBXNativeTarget;
			buildConfigurationList = 408868E619733E7E00D6F2CC /* Build configuration list for PBXNativeTarget "ActorWeatherTests" */;
			buildPhases = (
				408868D519733E7E00D6F2CC /* Sources */,
				408868D619733E7E00D6F2CC /* Frameworks */,
				408868D719733E7E00D6F2CC /* Resources */,
			);
			buildRules = (
			);
			dependencies = (
				408868DB19733E7E00D6F2CC /* PBXTargetDependency */,
			);
			name = ActorWeatherTests;
			productName = ActorWeatherTests;
			productReference = 408868D919733E7E00D6F2CC /* ActorWeatherTests.xctest */;
			productType = "com.apple.product-type.bundle.unit-test";
		};
/* End PBXNativeTarget section */

/* Begin PBXProject section */
		408868BF19733E7E00D6F2CC /* Project object */ = {
			isa = PBXProject;
			attributes = {
				LastUpgradeCheck = 0600;
				ORGANIZATIONNAME = "Tomek Cejner";
				TargetAttributes = {
					408868C619733E7E00D6F2CC = {
						CreatedOnToolsVersion = 6.0;
					};
					408868D819733E7E00D6F2CC = {
						CreatedOnToolsVersion = 6.0;
						TestTargetID = 408868C619733E7E00D6F2CC;
					};
				};
			};
			buildConfigurationList = 408868C219733E7E00D6F2CC /* Build configuration list for PBXProject "ActorWeather" */;
			compatibilityVersion = "Xcode 3.2";
			developmentRegion = English;
			hasScannedForEncodings = 0;
			knownRegions = (
				en,
				Base,
			);
			mainGroup = 408868BE19733E7E00D6F2CC;
			productRefGroup = 408868C819733E7E00D6F2CC /* Products */;
			projectDirPath = "";
			projectRoot = "";
			targets = (
				408868C619733E7E00D6F2CC /* ActorWeather */,
				408868D819733E7E00D6F2CC /* ActorWeatherTests */,
			);
		};
/* End PBXProject section */

/* Begin PBXResourcesBuildPhase section */
		408868C519733E7E00D6F2CC /* Resources */ = {
			isa = PBXResourcesBuildPhase;
			buildActionMask = 2147483647;
			files = (
				408868D219733E7E00D6F2CC /* Main.storyboard in Resources */,
				408868D419733E7E00D6F2CC /* Images.xcassets in Resources */,
			);
			runOnlyForDeploymentPostprocessing = 0;
		};
		408868D719733E7E00D6F2CC /* Resources */ = {
			isa = PBXResourcesBuildPhase;
			buildActionMask = 2147483647;
			files = (
			);
			runOnlyForDeploymentPostprocessing = 0;
		};
/* End PBXResourcesBuildPhase section */

/* Begin PBXSourcesBuildPhase section */
		408868C319733E7E00D6F2CC /* Sources */ = {
			isa = PBXSourcesBuildPhase;
			buildActionMask = 2147483647;
			files = (
				408868CF19733E7E00D6F2CC /* ViewController.swift in Sources */,
				408868CD19733E7E00D6F2CC /* AppDelegate.swift in Sources */,
			);
			runOnlyForDeploymentPostprocessing = 0;
		};
		408868D519733E7E00D6F2CC /* Sources */ = {
			isa = PBXSourcesBuildPhase;
			buildActionMask = 2147483647;
			files = (
				408868E019733E7E00D6F2CC /* ActorWeatherTests.swift in Sources */,
			);
			runOnlyForDeploymentPostprocessing = 0;
		};
/* End PBXSourcesBuildPhase section */

/* Begin PBXTargetDependency section */
		408868DB19733E7E00D6F2CC /* PBXTargetDependency */ = {
			isa = PBXTargetDependency;
			target = 408868C619733E7E00D6F2CC /* ActorWeather */;
			targetProxy = 408868DA19733E7E00D6F2CC /* PBXContainerItemProxy */;
		};
/* End PBXTargetDependency section */

/* Begin PBXVariantGroup section */
		408868D019733E7E00D6F2CC /* Main.storyboard */ = {
			isa = PBXVariantGroup;
			children = (
				408868D119733E7E00D6F2CC /* Base */,
			);
			name = Main.storyboard;
			sourceTree = "<group>";
		};
/* End PBXVariantGroup section */

/* Begin XCBuildConfiguration section */
		408868E119733E7E00D6F2CC /* Debug */ = {
			isa = XCBuildConfiguration;
			buildSettings = {
				ALWAYS_SEARCH_USER_PATHS = NO;
				CLANG_CXX_LANGUAGE_STANDARD = "gnu++0x";
				CLANG_CXX_LIBRARY = "libc++";
				CLANG_ENABLE_MODULES = YES;
				CLANG_ENABLE_OBJC_ARC = YES;
				CLANG_WARN_BOOL_CONVERSION = YES;
				CLANG_WARN_CONSTANT_CONVERSION = YES;
				CLANG_WARN_DIRECT_OBJC_ISA_USAGE = YES_ERROR;
				CLANG_WARN_EMPTY_BODY = YES;
				CLANG_WARN_ENUM_CONVERSION = YES;
				CLANG_WARN_INT_CONVERSION = YES;
				CLANG_WARN_OBJC_ROOT_CLASS = YES_ERROR;
				CLANG_WARN_UNREACHABLE_CODE = YES;
				CLANG_WARN__DUPLICATE_METHOD_MATCH = YES;
				"CODE_SIGN_IDENTITY[sdk=iphoneos*]" = "iPhone Developer";
				COPY_PHASE_STRIP = NO;
				ENABLE_STRICT_OBJC_MSGSEND = YES;
				GCC_C_LANGUAGE_STANDARD = gnu99;
				GCC_DYNAMIC_NO_PIC = NO;
				GCC_OPTIMIZATION_LEVEL = 0;
				GCC_PREPROCESSOR_DEFINITIONS = (
					"DEBUG=1",
					"$(inherited)",
				);
				GCC_SYMBOLS_PRIVATE_EXTERN = NO;
				GCC_WARN_64_TO_32_BIT_CONVERSION = YES;
				GCC_WARN_ABOUT_RETURN_TYPE = YES_ERROR;
				GCC_WARN_UNDECLARED_SELECTOR = YES;
				GCC_WARN_UNINITIALIZED_AUTOS = YES_AGGRESSIVE;
				GCC_WARN_UNUSED_FUNCTION = YES;
				GCC_WARN_UNUSED_VARIABLE = YES;
				IPHONEOS_DEPLOYMENT_TARGET = 8.0;
				MTL_ENABLE_DEBUG_INFO = YES;
				ONLY_ACTIVE_ARCH = YES;
				SDKROOT = iphoneos;
				SWIFT_OPTIMIZATION_LEVEL = "-Onone";
			};
			name = Debug;
		};
		408868E219733E7E00D6F2CC /* Release */ = {
			isa = XCBuildConfiguration;
			buildSettings = {
				ALWAYS_SEARCH_USER_PATHS = NO;
				CLANG_CXX_LANGUAGE_STANDARD = "gnu++0x";
				CLANG_CXX_LIBRARY = "libc++";
				CLANG_ENABLE_MODULES = YES;
				CLANG_ENABLE_OBJC_ARC = YES;
				CLANG_WARN_BOOL_CONVERSION = YES;
				CLANG_WARN_CONSTANT_CONVERSION = YES;
				CLANG_WARN_DIRECT_OBJC_ISA_USAGE = YES_ERROR;
				CLANG_WARN_EMPTY_BODY = YES;
				CLANG_WARN_ENUM_CONVERSION = YES;
				CLANG_WARN_INT_CONVERSION = YES;
				CLANG_WARN_OBJC_ROOT_CLASS = YES_ERROR;
				CLANG_WARN_UNREACHABLE_CODE = YES;
				CLANG_WARN__DUPLICATE_METHOD_MATCH = YES;
				"CODE_SIGN_IDENTITY[sdk=iphoneos*]" = "iPhone Developer";
				COPY_PHASE_STRIP = YES;
				ENABLE_NS_ASSERTIONS = NO;
				ENABLE_STRICT_OBJC_MSGSEND = YES;
				GCC_C_LANGUAGE_STANDARD = gnu99;
				GCC_WARN_64_TO_32_BIT_CONVERSION = YES;
				GCC_WARN_ABOUT_RETURN_TYPE = YES_ERROR;
				GCC_WARN_UNDECLARED_SELECTOR = YES;
				GCC_WARN_UNINITIALIZED_AUTOS = YES_AGGRESSIVE;
				GCC_WARN_UNUSED_FUNCTION = YES;
				GCC_WARN_UNUSED_VARIABLE = YES;
				IPHONEOS_DEPLOYMENT_TARGET = 8.0;
				MTL_ENABLE_DEBUG_INFO = NO;
				SDKROOT = iphoneos;
				VALIDATE_PRODUCT = YES;
			};
			name = Release;
		};
		408868E419733E7E00D6F2CC /* Debug */ = {
			isa = XCBuildConfiguration;
			buildSettings = {
				ASSETCATALOG_COMPILER_APPICON_NAME = AppIcon;
				ASSETCATALOG_COMPILER_LAUNCHIMAGE_NAME = LaunchImage;
				INFOPLIST_FILE = ActorWeather/Info.plist;
				LD_RUNPATH_SEARCH_PATHS = "$(inherited) @executable_path/Frameworks";
				PRODUCT_NAME = "$(TARGET_NAME)";
			};
			name = Debug;
		};
		408868E519733E7E00D6F2CC /* Release */ = {
			isa = XCBuildConfiguration;
			buildSettings = {
				ASSETCATALOG_COMPILER_APPICON_NAME = AppIcon;
				ASSETCATALOG_COMPILER_LAUNCHIMAGE_NAME = LaunchImage;
				INFOPLIST_FILE = ActorWeather/Info.plist;
				LD_RUNPATH_SEARCH_PATHS = "$(inherited) @executable_path/Frameworks";
				PRODUCT_NAME = "$(TARGET_NAME)";
			};
			name = Release;
		};
		408868E719733E7E00D6F2CC /* Debug */ = {
			isa = XCBuildConfiguration;
			buildSettings = {
				BUNDLE_LOADER = "$(BUILT_PRODUCTS_DIR)/ActorWeather.app/ActorWeather";
				FRAMEWORK_SEARCH_PATHS = (
					"$(SDKROOT)/Developer/Library/Frameworks",
					"$(inherited)",
				);
				GCC_PREPROCESSOR_DEFINITIONS = (
					"DEBUG=1",
					"$(inherited)",
				);
				INFOPLIST_FILE = ActorWeatherTests/Info.plist;
				LD_RUNPATH_SEARCH_PATHS = "$(inherited) @executable_path/Frameworks @loader_path/Frameworks";
				PRODUCT_NAME = "$(TARGET_NAME)";
				TEST_HOST = "$(BUNDLE_LOADER)";
			};
			name = Debug;
		};
		408868E819733E7E00D6F2CC /* Release */ = {
			isa = XCBuildConfiguration;
			buildSettings = {
				BUNDLE_LOADER = "$(BUILT_PRODUCTS_DIR)/ActorWeather.app/ActorWeather";
				FRAMEWORK_SEARCH_PATHS = (
					"$(SDKROOT)/Developer/Library/Frameworks",
					"$(inherited)",
				);
				INFOPLIST_FILE = ActorWeatherTests/Info.plist;
				LD_RUNPATH_SEARCH_PATHS = "$(inherited) @executable_path/Frameworks @loader_path/Frameworks";
				PRODUCT_NAME = "$(TARGET_NAME)";
				TEST_HOST = "$(BUNDLE_LOADER)";
			};
			name = Release;
		};
/* End XCBuildConfiguration section */

/* Begin XCConfigurationList section */
		408868C219733E7E00D6F2CC /* Build configuration list for PBXProject "ActorWeather" */ = {
			isa = XCConfigurationList;
			buildConfigurations = (
				408868E119733E7E00D6F2CC /* Debug */,
				408868E219733E7E00D6F2CC /* Release */,
			);
			defaultConfigurationIsVisible = 0;
			defaultConfigurationName = Release;
		};
		408868E319733E7E00D6F2CC /* Build configuration list for PBXNativeTarget "ActorWeather" */ = {
			isa = XCConfigurationList;
			buildConfigurations = (
				408868E419733E7E00D6F2CC /* Debug */,
				408868E519733E7E00D6F2CC /* Release */,
			);
			defaultConfigurationIsVisible = 0;
		};
		408868E619733E7E00D6F2CC /* Build configuration list for PBXNativeTarget "ActorWeatherTests" */ = {
			isa = XCConfigurationList;
			buildConfigurations = (
				408868E719733E7E00D6F2CC /* Debug */,
				408868E819733E7E00D6F2CC /* Release */,
			);
			defaultConfigurationIsVisible = 0;
		};
/* End XCConfigurationList section */
	};
	rootObject = 408868BF19733E7E00D6F2CC /* Project object */;
}
